
Microsoft Visual Studio Solution File, Format Version 12.00
# Visual Studio Version 17
VisualStudioVersion = 17.13.35931.197 d17.13
MinimumVisualStudioVersion = 10.0.40219.1
Project("{FAE04EC0-301F-11D3-BF4B-00C04F79EFBC}") = "PortolioProject", "PortolioProject\PortolioProject.csproj", "{6534CD97-1B5C-45AD-BF38-F84E9AB2FC38}"
EndProject
Global
	GlobalSection(SolutionConfigurationPlatforms) = preSolution
		Debug|Any CPU = Debug|Any CPU
		Release|Any CPU = Release|Any CPU
	EndGlobalSection
	GlobalSection(ProjectConfigurationPlatforms) = postSolution
		{6534CD97-1B5C-45AD-BF38-F84E9AB2FC38}.Debug|Any CPU.ActiveCfg = Debug|Any CPU
		{6534CD97-1B5C-45AD-BF38-F84E9AB2FC38}.Debug|Any CPU.Build.0 = Debug|Any CPU
		{6534CD97-1B5C-45AD-BF38-F84E9AB2FC38}.Release|Any CPU.ActiveCfg = Release|Any CPU
		{6534CD97-1B5C-45AD-BF38-F84E9AB2FC38}.Release|Any CPU.Build.0 = Release|Any CPU
	EndGlobalSection
	GlobalSection(SolutionProperties) = preSolution
		HideSolutionNode = FALSE
	EndGlobalSection
	GlobalSection(ExtensibilityGlobals) = postSolution
		SolutionGuid = {C1117914-47D7-4A26-92DF-63FEA20285D6}
	EndGlobalSection
EndGlobal
